github.com/LamekTesfazghi/funtemps v0.0.0-20230222104829-3f8433b1e382 h1:UYVpcKMa5sGqOGfVkhcLATnnnS4z1ehmLk+lXV4aUXk=
github.com/LamekTesfazghi/funtemps v0.0.0-20230222104829-3f8433b1e382/go.mod h1:i0JdzhGCxInVnnaDzPBWjT518oL9c0DdRoigZ9Wte0o=
github.com/LamekTesfazghi/minyr-1 v0.0.0-20230413231527-2c827e5ea3da h1:ey3d6EzYi97XKB89KTYdtnKPlM0p/ipGhcb0Y5AK6P4=
github.com/LamekTesfazghi/minyr-1 v0.0.0-20230413231527-2c827e5ea3da/go.mod h1:eBS/LoF707AdGzfe2hK+ScfCUqNiGhzR85BOa14TXz8=
